
Microsoft Visual Studio Solution File, Format Version 12.00
# Visual Studio Version 17
VisualStudioVersion = 17.7.34202.233
MinimumVisualStudioVersion = 10.0.40219.1
Project("{8BC9CEB8-8B4A-11D0-8D11-00A0C91BC942}") = "02 Sample", "KernelLand\Sample\Sample.vcxproj", "{8E4FD341-88C5-4840-B8C6-9D5C62F7B554}"
EndProject
Project("{2150E333-8FDC-42A3-9474-1A3956D46DE8}") = "KernelLand", "KernelLand", "{F39AF62E-A38D-4D91-8B9D-AF7AFCF4C8A1}"
EndProject
Project("{2150E333-8FDC-42A3-9474-1A3956D46DE8}") = "UserLand", "UserLand", "{F3AFCAFD-4B25-4056-8F04-1791AC53A33F}"
EndProject
Project("{8BC9CEB8-8B4A-11D0-8D11-00A0C91BC942}") = "04 PriorityBooster", "KernelLand\PriorityBooster\PriorityBooster.vcxproj", "{D018460B-FF75-4E0E-83D5-78EFDD3543D9}"
EndProject
Project("{8BC9CEB8-8B4A-11D0-8D11-00A0C91BC942}") = "Booster", "UserLand\Booster\Booster.vcxproj", "{BA3520C6-7587-4EA2-81FE-F864E7746213}"
EndProject
Project("{8BC9CEB8-8B4A-11D0-8D11-00A0C91BC942}") = "05 PriorityBooster2", "KernelLand\PriorityBooster2\PriorityBooster2.vcxproj", "{60EF4600-D0A9-4BA0-9509-A25744A6DBF1}"
EndProject
Project("{8BC9CEB8-8B4A-11D0-8D11-00A0C91BC942}") = "06 PriorityBooster3", "KernelLand\PriorityBooster3\PriorityBooster3.vcxproj", "{081BC348-F8C9-46A0-9016-33C436B4C753}"
EndProject
Project("{8BC9CEB8-8B4A-11D0-8D11-00A0C91BC942}") = "07 Zero", "KernelLand\Zero\Zero.vcxproj", "{6D7B9C8C-0B40-41B0-84F3-9E71E3E5BB56}"
EndProject
Project("{8BC9CEB8-8B4A-11D0-8D11-00A0C91BC942}") = "ZeroTester", "UserLand\ZeroTester\ZeroTester.vcxproj", "{8782CAD9-5568-4C36-B4B9-2B3CE4021201}"
EndProject
Project("{8BC9CEB8-8B4A-11D0-8D11-00A0C91BC942}") = "08 SysMon", "KernelLand\SysMon\SysMon.vcxproj", "{2B0D8284-76E1-4116-8629-25A288CB1CC5}"
EndProject
Project("{8BC9CEB8-8B4A-11D0-8D11-00A0C91BC942}") = "SysMonClient", "UserLand\SysMonClient\SysMonClient.vcxproj", "{E9A69317-39CB-4CED-8145-0B5B0E6AC5E0}"
EndProject
Project("{8BC9CEB8-8B4A-11D0-8D11-00A0C91BC942}") = "Booster2", "UserLand\Booster2\Booster2.vcxproj", "{029C270D-43B8-4A65-8383-FA04ECAFBB4A}"
EndProject
Global
	GlobalSection(SolutionConfigurationPlatforms) = preSolution
		Debug|ARM64 = Debug|ARM64
		Debug|x64 = Debug|x64
		Debug|x86 = Debug|x86
		Release|ARM64 = Release|ARM64
		Release|x64 = Release|x64
		Release|x86 = Release|x86
	EndGlobalSection
	GlobalSection(ProjectConfigurationPlatforms) = postSolution
		{8E4FD341-88C5-4840-B8C6-9D5C62F7B554}.Debug|ARM64.ActiveCfg = Debug|ARM64
		{8E4FD341-88C5-4840-B8C6-9D5C62F7B554}.Debug|ARM64.Build.0 = Debug|ARM64
		{8E4FD341-88C5-4840-B8C6-9D5C62F7B554}.Debug|ARM64.Deploy.0 = Debug|ARM64
		{8E4FD341-88C5-4840-B8C6-9D5C62F7B554}.Debug|x64.ActiveCfg = Debug|x64
		{8E4FD341-88C5-4840-B8C6-9D5C62F7B554}.Debug|x64.Build.0 = Debug|x64
		{8E4FD341-88C5-4840-B8C6-9D5C62F7B554}.Debug|x64.Deploy.0 = Debug|x64
		{8E4FD341-88C5-4840-B8C6-9D5C62F7B554}.Debug|x86.ActiveCfg = Debug|x64
		{8E4FD341-88C5-4840-B8C6-9D5C62F7B554}.Debug|x86.Build.0 = Debug|x64
		{8E4FD341-88C5-4840-B8C6-9D5C62F7B554}.Debug|x86.Deploy.0 = Debug|x64
		{8E4FD341-88C5-4840-B8C6-9D5C62F7B554}.Release|ARM64.ActiveCfg = Release|ARM64
		{8E4FD341-88C5-4840-B8C6-9D5C62F7B554}.Release|ARM64.Build.0 = Release|ARM64
		{8E4FD341-88C5-4840-B8C6-9D5C62F7B554}.Release|ARM64.Deploy.0 = Release|ARM64
		{8E4FD341-88C5-4840-B8C6-9D5C62F7B554}.Release|x64.ActiveCfg = Release|x64
		{8E4FD341-88C5-4840-B8C6-9D5C62F7B554}.Release|x64.Build.0 = Release|x64
		{8E4FD341-88C5-4840-B8C6-9D5C62F7B554}.Release|x64.Deploy.0 = Release|x64
		{8E4FD341-88C5-4840-B8C6-9D5C62F7B554}.Release|x86.ActiveCfg = Release|x64
		{8E4FD341-88C5-4840-B8C6-9D5C62F7B554}.Release|x86.Build.0 = Release|x64
		{8E4FD341-88C5-4840-B8C6-9D5C62F7B554}.Release|x86.Deploy.0 = Release|x64
		{D018460B-FF75-4E0E-83D5-78EFDD3543D9}.Debug|ARM64.ActiveCfg = Debug|ARM64
		{D018460B-FF75-4E0E-83D5-78EFDD3543D9}.Debug|ARM64.Build.0 = Debug|ARM64
		{D018460B-FF75-4E0E-83D5-78EFDD3543D9}.Debug|ARM64.Deploy.0 = Debug|ARM64
		{D018460B-FF75-4E0E-83D5-78EFDD3543D9}.Debug|x64.ActiveCfg = Debug|x64
		{D018460B-FF75-4E0E-83D5-78EFDD3543D9}.Debug|x64.Build.0 = Debug|x64
		{D018460B-FF75-4E0E-83D5-78EFDD3543D9}.Debug|x64.Deploy.0 = Debug|x64
		{D018460B-FF75-4E0E-83D5-78EFDD3543D9}.Debug|x86.ActiveCfg = Debug|x64
		{D018460B-FF75-4E0E-83D5-78EFDD3543D9}.Debug|x86.Build.0 = Debug|x64
		{D018460B-FF75-4E0E-83D5-78EFDD3543D9}.Debug|x86.Deploy.0 = Debug|x64
		{D018460B-FF75-4E0E-83D5-78EFDD3543D9}.Release|ARM64.ActiveCfg = Release|ARM64
		{D018460B-FF75-4E0E-83D5-78EFDD3543D9}.Release|ARM64.Build.0 = Release|ARM64
		{D018460B-FF75-4E0E-83D5-78EFDD3543D9}.Release|ARM64.Deploy.0 = Release|ARM64
		{D018460B-FF75-4E0E-83D5-78EFDD3543D9}.Release|x64.ActiveCfg = Release|x64
		{D018460B-FF75-4E0E-83D5-78EFDD3543D9}.Release|x64.Build.0 = Release|x64
		{D018460B-FF75-4E0E-83D5-78EFDD3543D9}.Release|x64.Deploy.0 = Release|x64
		{D018460B-FF75-4E0E-83D5-78EFDD3543D9}.Release|x86.ActiveCfg = Release|x64
		{D018460B-FF75-4E0E-83D5-78EFDD3543D9}.Release|x86.Build.0 = Release|x64
		{D018460B-FF75-4E0E-83D5-78EFDD3543D9}.Release|x86.Deploy.0 = Release|x64
		{BA3520C6-7587-4EA2-81FE-F864E7746213}.Debug|ARM64.ActiveCfg = Debug|x64
		{BA3520C6-7587-4EA2-81FE-F864E7746213}.Debug|ARM64.Build.0 = Debug|x64
		{BA3520C6-7587-4EA2-81FE-F864E7746213}.Debug|x64.ActiveCfg = Debug|x64
		{BA3520C6-7587-4EA2-81FE-F864E7746213}.Debug|x64.Build.0 = Debug|x64
		{BA3520C6-7587-4EA2-81FE-F864E7746213}.Debug|x86.ActiveCfg = Debug|Win32
		{BA3520C6-7587-4EA2-81FE-F864E7746213}.Debug|x86.Build.0 = Debug|Win32
		{BA3520C6-7587-4EA2-81FE-F864E7746213}.Release|ARM64.ActiveCfg = Release|x64
		{BA3520C6-7587-4EA2-81FE-F864E7746213}.Release|ARM64.Build.0 = Release|x64
		{BA3520C6-7587-4EA2-81FE-F864E7746213}.Release|x64.ActiveCfg = Release|x64
		{BA3520C6-7587-4EA2-81FE-F864E7746213}.Release|x64.Build.0 = Release|x64
		{BA3520C6-7587-4EA2-81FE-F864E7746213}.Release|x86.ActiveCfg = Release|Win32
		{BA3520C6-7587-4EA2-81FE-F864E7746213}.Release|x86.Build.0 = Release|Win32
		{60EF4600-D0A9-4BA0-9509-A25744A6DBF1}.Debug|ARM64.ActiveCfg = Debug|ARM64
		{60EF4600-D0A9-4BA0-9509-A25744A6DBF1}.Debug|ARM64.Build.0 = Debug|ARM64
		{60EF4600-D0A9-4BA0-9509-A25744A6DBF1}.Debug|ARM64.Deploy.0 = Debug|ARM64
		{60EF4600-D0A9-4BA0-9509-A25744A6DBF1}.Debug|x64.ActiveCfg = Debug|x64
		{60EF4600-D0A9-4BA0-9509-A25744A6DBF1}.Debug|x64.Build.0 = Debug|x64
		{60EF4600-D0A9-4BA0-9509-A25744A6DBF1}.Debug|x64.Deploy.0 = Debug|x64
		{60EF4600-D0A9-4BA0-9509-A25744A6DBF1}.Debug|x86.ActiveCfg = Debug|x64
		{60EF4600-D0A9-4BA0-9509-A25744A6DBF1}.Debug|x86.Build.0 = Debug|x64
		{60EF4600-D0A9-4BA0-9509-A25744A6DBF1}.Debug|x86.Deploy.0 = Debug|x64
		{60EF4600-D0A9-4BA0-9509-A25744A6DBF1}.Release|ARM64.ActiveCfg = Release|ARM64
		{60EF4600-D0A9-4BA0-9509-A25744A6DBF1}.Release|ARM64.Build.0 = Release|ARM64
		{60EF4600-D0A9-4BA0-9509-A25744A6DBF1}.Release|ARM64.Deploy.0 = Release|ARM64
		{60EF4600-D0A9-4BA0-9509-A25744A6DBF1}.Release|x64.ActiveCfg = Release|x64
		{60EF4600-D0A9-4BA0-9509-A25744A6DBF1}.Release|x64.Build.0 = Release|x64
		{60EF4600-D0A9-4BA0-9509-A25744A6DBF1}.Release|x64.Deploy.0 = Release|x64
		{60EF4600-D0A9-4BA0-9509-A25744A6DBF1}.Release|x86.ActiveCfg = Release|x64
		{60EF4600-D0A9-4BA0-9509-A25744A6DBF1}.Release|x86.Build.0 = Release|x64
		{60EF4600-D0A9-4BA0-9509-A25744A6DBF1}.Release|x86.Deploy.0 = Release|x64
		{081BC348-F8C9-46A0-9016-33C436B4C753}.Debug|ARM64.ActiveCfg = Debug|ARM64
		{081BC348-F8C9-46A0-9016-33C436B4C753}.Debug|ARM64.Build.0 = Debug|ARM64
		{081BC348-F8C9-46A0-9016-33C436B4C753}.Debug|ARM64.Deploy.0 = Debug|ARM64
		{081BC348-F8C9-46A0-9016-33C436B4C753}.Debug|x64.ActiveCfg = Debug|x64
		{081BC348-F8C9-46A0-9016-33C436B4C753}.Debug|x64.Build.0 = Debug|x64
		{081BC348-F8C9-46A0-9016-33C436B4C753}.Debug|x64.Deploy.0 = Debug|x64
		{081BC348-F8C9-46A0-9016-33C436B4C753}.Debug|x86.ActiveCfg = Debug|x64
		{081BC348-F8C9-46A0-9016-33C436B4C753}.Debug|x86.Build.0 = Debug|x64
		{081BC348-F8C9-46A0-9016-33C436B4C753}.Debug|x86.Deploy.0 = Debug|x64
		{081BC348-F8C9-46A0-9016-33C436B4C753}.Release|ARM64.ActiveCfg = Release|ARM64
		{081BC348-F8C9-46A0-9016-33C436B4C753}.Release|ARM64.Build.0 = Release|ARM64
		{081BC348-F8C9-46A0-9016-33C436B4C753}.Release|ARM64.Deploy.0 = Release|ARM64
		{081BC348-F8C9-46A0-9016-33C436B4C753}.Release|x64.ActiveCfg = Release|x64
		{081BC348-F8C9-46A0-9016-33C436B4C753}.Release|x64.Build.0 = Release|x64
		{081BC348-F8C9-46A0-9016-33C436B4C753}.Release|x64.Deploy.0 = Release|x64
		{081BC348-F8C9-46A0-9016-33C436B4C753}.Release|x86.ActiveCfg = Release|x64
		{081BC348-F8C9-46A0-9016-33C436B4C753}.Release|x86.Build.0 = Release|x64
		{081BC348-F8C9-46A0-9016-33C436B4C753}.Release|x86.Deploy.0 = Release|x64
		{6D7B9C8C-0B40-41B0-84F3-9E71E3E5BB56}.Debug|ARM64.ActiveCfg = Debug|ARM64
		{6D7B9C8C-0B40-41B0-84F3-9E71E3E5BB56}.Debug|ARM64.Build.0 = Debug|ARM64
		{6D7B9C8C-0B40-41B0-84F3-9E71E3E5BB56}.Debug|ARM64.Deploy.0 = Debug|ARM64
		{6D7B9C8C-0B40-41B0-84F3-9E71E3E5BB56}.Debug|x64.ActiveCfg = Debug|x64
		{6D7B9C8C-0B40-41B0-84F3-9E71E3E5BB56}.Debug|x64.Build.0 = Debug|x64
		{6D7B9C8C-0B40-41B0-84F3-9E71E3E5BB56}.Debug|x64.Deploy.0 = Debug|x64
		{6D7B9C8C-0B40-41B0-84F3-9E71E3E5BB56}.Debug|x86.ActiveCfg = Debug|x64
		{6D7B9C8C-0B40-41B0-84F3-9E71E3E5BB56}.Debug|x86.Build.0 = Debug|x64
		{6D7B9C8C-0B40-41B0-84F3-9E71E3E5BB56}.Debug|x86.Deploy.0 = Debug|x64
		{6D7B9C8C-0B40-41B0-84F3-9E71E3E5BB56}.Release|ARM64.ActiveCfg = Release|ARM64
		{6D7B9C8C-0B40-41B0-84F3-9E71E3E5BB56}.Release|ARM64.Build.0 = Release|ARM64
		{6D7B9C8C-0B40-41B0-84F3-9E71E3E5BB56}.Release|ARM64.Deploy.0 = Release|ARM64
		{6D7B9C8C-0B40-41B0-84F3-9E71E3E5BB56}.Release|x64.ActiveCfg = Release|x64
		{6D7B9C8C-0B40-41B0-84F3-9E71E3E5BB56}.Release|x64.Build.0 = Release|x64
		{6D7B9C8C-0B40-41B0-84F3-9E71E3E5BB56}.Release|x64.Deploy.0 = Release|x64
		{6D7B9C8C-0B40-41B0-84F3-9E71E3E5BB56}.Release|x86.ActiveCfg = Release|x64
		{6D7B9C8C-0B40-41B0-84F3-9E71E3E5BB56}.Release|x86.Build.0 = Release|x64
		{6D7B9C8C-0B40-41B0-84F3-9E71E3E5BB56}.Release|x86.Deploy.0 = Release|x64
		{8782CAD9-5568-4C36-B4B9-2B3CE4021201}.Debug|ARM64.ActiveCfg = Debug|x64
		{8782CAD9-5568-4C36-B4B9-2B3CE4021201}.Debug|ARM64.Build.0 = Debug|x64
		{8782CAD9-5568-4C36-B4B9-2B3CE4021201}.Debug|x64.ActiveCfg = Debug|x64
		{8782CAD9-5568-4C36-B4B9-2B3CE4021201}.Debug|x64.Build.0 = Debug|x64
		{8782CAD9-5568-4C36-B4B9-2B3CE4021201}.Debug|x86.ActiveCfg = Debug|Win32
		{8782CAD9-5568-4C36-B4B9-2B3CE4021201}.Debug|x86.Build.0 = Debug|Win32
		{8782CAD9-5568-4C36-B4B9-2B3CE4021201}.Release|ARM64.ActiveCfg = Release|x64
		{8782CAD9-5568-4C36-B4B9-2B3CE4021201}.Release|ARM64.Build.0 = Release|x64
		{8782CAD9-5568-4C36-B4B9-2B3CE4021201}.Release|x64.ActiveCfg = Release|x64
		{8782CAD9-5568-4C36-B4B9-2B3CE4021201}.Release|x64.Build.0 = Release|x64
		{8782CAD9-5568-4C36-B4B9-2B3CE4021201}.Release|x86.ActiveCfg = Release|Win32
		{8782CAD9-5568-4C36-B4B9-2B3CE4021201}.Release|x86.Build.0 = Release|Win32
		{2B0D8284-76E1-4116-8629-25A288CB1CC5}.Debug|ARM64.ActiveCfg = Debug|ARM64
		{2B0D8284-76E1-4116-8629-25A288CB1CC5}.Debug|ARM64.Build.0 = Debug|ARM64
		{2B0D8284-76E1-4116-8629-25A288CB1CC5}.Debug|ARM64.Deploy.0 = Debug|ARM64
		{2B0D8284-76E1-4116-8629-25A288CB1CC5}.Debug|x64.ActiveCfg = Debug|x64
		{2B0D8284-76E1-4116-8629-25A288CB1CC5}.Debug|x64.Build.0 = Debug|x64
		{2B0D8284-76E1-4116-8629-25A288CB1CC5}.Debug|x64.Deploy.0 = Debug|x64
		{2B0D8284-76E1-4116-8629-25A288CB1CC5}.Debug|x86.ActiveCfg = Debug|x64
		{2B0D8284-76E1-4116-8629-25A288CB1CC5}.Debug|x86.Build.0 = Debug|x64
		{2B0D8284-76E1-4116-8629-25A288CB1CC5}.Debug|x86.Deploy.0 = Debug|x64
		{2B0D8284-76E1-4116-8629-25A288CB1CC5}.Release|ARM64.ActiveCfg = Release|ARM64
		{2B0D8284-76E1-4116-8629-25A288CB1CC5}.Release|ARM64.Build.0 = Release|ARM64
		{2B0D8284-76E1-4116-8629-25A288CB1CC5}.Release|ARM64.Deploy.0 = Release|ARM64
		{2B0D8284-76E1-4116-8629-25A288CB1CC5}.Release|x64.ActiveCfg = Release|x64
		{2B0D8284-76E1-4116-8629-25A288CB1CC5}.Release|x64.Build.0 = Release|x64
		{2B0D8284-76E1-4116-8629-25A288CB1CC5}.Release|x64.Deploy.0 = Release|x64
		{2B0D8284-76E1-4116-8629-25A288CB1CC5}.Release|x86.ActiveCfg = Release|x64
		{2B0D8284-76E1-4116-8629-25A288CB1CC5}.Release|x86.Build.0 = Release|x64
		{2B0D8284-76E1-4116-8629-25A288CB1CC5}.Release|x86.Deploy.0 = Release|x64
		{E9A69317-39CB-4CED-8145-0B5B0E6AC5E0}.Debug|ARM64.ActiveCfg = Debug|x64
		{E9A69317-39CB-4CED-8145-0B5B0E6AC5E0}.Debug|ARM64.Build.0 = Debug|x64
		{E9A69317-39CB-4CED-8145-0B5B0E6AC5E0}.Debug|x64.ActiveCfg = Debug|x64
		{E9A69317-39CB-4CED-8145-0B5B0E6AC5E0}.Debug|x64.Build.0 = Debug|x64
		{E9A69317-39CB-4CED-8145-0B5B0E6AC5E0}.Debug|x86.ActiveCfg = Debug|Win32
		{E9A69317-39CB-4CED-8145-0B5B0E6AC5E0}.Debug|x86.Build.0 = Debug|Win32
		{E9A69317-39CB-4CED-8145-0B5B0E6AC5E0}.Release|ARM64.ActiveCfg = Release|x64
		{E9A69317-39CB-4CED-8145-0B5B0E6AC5E0}.Release|ARM64.Build.0 = Release|x64
		{E9A69317-39CB-4CED-8145-0B5B0E6AC5E0}.Release|x64.ActiveCfg = Release|x64
		{E9A69317-39CB-4CED-8145-0B5B0E6AC5E0}.Release|x64.Build.0 = Release|x64
		{E9A69317-39CB-4CED-8145-0B5B0E6AC5E0}.Release|x86.ActiveCfg = Release|Win32
		{E9A69317-39CB-4CED-8145-0B5B0E6AC5E0}.Release|x86.Build.0 = Release|Win32
		{029C270D-43B8-4A65-8383-FA04ECAFBB4A}.Debug|ARM64.ActiveCfg = Debug|x64
		{029C270D-43B8-4A65-8383-FA04ECAFBB4A}.Debug|ARM64.Build.0 = Debug|x64
		{029C270D-43B8-4A65-8383-FA04ECAFBB4A}.Debug|x64.ActiveCfg = Debug|x64
		{029C270D-43B8-4A65-8383-FA04ECAFBB4A}.Debug|x64.Build.0 = Debug|x64
		{029C270D-43B8-4A65-8383-FA04ECAFBB4A}.Debug|x86.ActiveCfg = Debug|Win32
		{029C270D-43B8-4A65-8383-FA04ECAFBB4A}.Debug|x86.Build.0 = Debug|Win32
		{029C270D-43B8-4A65-8383-FA04ECAFBB4A}.Release|ARM64.ActiveCfg = Release|x64
		{029C270D-43B8-4A65-8383-FA04ECAFBB4A}.Release|ARM64.Build.0 = Release|x64
		{029C270D-43B8-4A65-8383-FA04ECAFBB4A}.Release|x64.ActiveCfg = Release|x64
		{029C270D-43B8-4A65-8383-FA04ECAFBB4A}.Release|x64.Build.0 = Release|x64
		{029C270D-43B8-4A65-8383-FA04ECAFBB4A}.Release|x86.ActiveCfg = Release|Win32
		{029C270D-43B8-4A65-8383-FA04ECAFBB4A}.Release|x86.Build.0 = Release|Win32
	EndGlobalSection
	GlobalSection(SolutionProperties) = preSolution
		HideSolutionNode = FALSE
	EndGlobalSection
	GlobalSection(NestedProjects) = preSolution
		{8E4FD341-88C5-4840-B8C6-9D5C62F7B554} = {F39AF62E-A38D-4D91-8B9D-AF7AFCF4C8A1}
		{D018460B-FF75-4E0E-83D5-78EFDD3543D9} = {F39AF62E-A38D-4D91-8B9D-AF7AFCF4C8A1}
		{BA3520C6-7587-4EA2-81FE-F864E7746213} = {F3AFCAFD-4B25-4056-8F04-1791AC53A33F}
		{60EF4600-D0A9-4BA0-9509-A25744A6DBF1} = {F39AF62E-A38D-4D91-8B9D-AF7AFCF4C8A1}
		{081BC348-F8C9-46A0-9016-33C436B4C753} = {F39AF62E-A38D-4D91-8B9D-AF7AFCF4C8A1}
		{6D7B9C8C-0B40-41B0-84F3-9E71E3E5BB56} = {F39AF62E-A38D-4D91-8B9D-AF7AFCF4C8A1}
		{8782CAD9-5568-4C36-B4B9-2B3CE4021201} = {F3AFCAFD-4B25-4056-8F04-1791AC53A33F}
		{2B0D8284-76E1-4116-8629-25A288CB1CC5} = {F39AF62E-A38D-4D91-8B9D-AF7AFCF4C8A1}
		{E9A69317-39CB-4CED-8145-0B5B0E6AC5E0} = {F3AFCAFD-4B25-4056-8F04-1791AC53A33F}
		{029C270D-43B8-4A65-8383-FA04ECAFBB4A} = {F3AFCAFD-4B25-4056-8F04-1791AC53A33F}
	EndGlobalSection
	GlobalSection(ExtensibilityGlobals) = postSolution
		SolutionGuid = {B25B041C-0735-484A-8488-9ADEA47CABDC}
	EndGlobalSection
EndGlobal
